
Microsoft Visual Studio Solution File, Format Version 12.00
# Visual Studio Version 17
VisualStudioVersion = 17.13.36105.23
MinimumVisualStudioVersion = 10.0.40219.1
Project("{FAE04EC0-301F-11D3-BF4B-00C04F79EFBC}") = "Dwarf.Toolkit.Maui", "Dwarf.Toolkit.Maui\Dwarf.Toolkit.Maui.csproj", "{D9E61F0A-CC3F-48F4-B76B-199F03CD6AED}"
EndProject
Project("{FAE04EC0-301F-11D3-BF4B-00C04F79EFBC}") = "Dwarf.Toolkit.Base", "..\Dwarf.Toolkit.Base\Dwarf.Toolkit.Base.csproj", "{EDFAFE70-FF28-465E-BBC0-D696DF19BC2D}"
EndProject
Project("{FAE04EC0-301F-11D3-BF4B-00C04F79EFBC}") = "Dwarf.Toolkit.Maui.SourceGenerators", "Dwarf.Toolkit.Maui.SourceGenerators\Dwarf.Toolkit.Maui.SourceGenerators.csproj", "{25056C6C-D0EB-4154-AF96-415D810088B6}"
EndProject
Project("{FAE04EC0-301F-11D3-BF4B-00C04F79EFBC}") = "Dwarf.Toolkit.Tests", "Dwarf.Toolkit.Tests\Dwarf.Toolkit.Tests.csproj", "{1445892C-A2F6-4720-A93A-97420D230AD7}"
EndProject
Project("{2150E333-8FDC-42A3-9474-1A3956D46DE8}") = "build", "build", "{02EA681E-C7D8-13C7-8484-4AC65E1B71E8}"
	ProjectSection(SolutionItems) = preProject
		Directory.Build.props = Directory.Build.props
		..\build\Netstandard.props = ..\build\Netstandard.props
		..\build\PackageCandidate.props = ..\build\PackageCandidate.props
	EndProjectSection
EndProject
Project("{FAE04EC0-301F-11D3-BF4B-00C04F79EFBC}") = "Dwarf.Toolkit.Demo", "Dwarf.Toolkit.Demo\Dwarf.Toolkit.Demo.csproj", "{AD61388F-5477-432B-AC36-E3DC18931AFF}"
EndProject
Project("{D954291E-2A0B-460D-934E-DC6B0785DB48}") = "Dwarf.Toolkit.SourceGenerators.Base", "..\Dwarf.Toolkit.SourceGenerators.Base\Dwarf.Toolkit.SourceGenerators.Base.shproj", "{A4ACA2E4-8B21-44D2-AE40-702AA273D9D2}"
EndProject
Global
	GlobalSection(SolutionConfigurationPlatforms) = preSolution
		Debug|Any CPU = Debug|Any CPU
		Release|Any CPU = Release|Any CPU
	EndGlobalSection
	GlobalSection(ProjectConfigurationPlatforms) = postSolution
		{D9E61F0A-CC3F-48F4-B76B-199F03CD6AED}.Debug|Any CPU.ActiveCfg = Debug|Any CPU
		{D9E61F0A-CC3F-48F4-B76B-199F03CD6AED}.Debug|Any CPU.Build.0 = Debug|Any CPU
		{D9E61F0A-CC3F-48F4-B76B-199F03CD6AED}.Release|Any CPU.ActiveCfg = Release|Any CPU
		{D9E61F0A-CC3F-48F4-B76B-199F03CD6AED}.Release|Any CPU.Build.0 = Release|Any CPU
		{EDFAFE70-FF28-465E-BBC0-D696DF19BC2D}.Debug|Any CPU.ActiveCfg = Debug|Any CPU
		{EDFAFE70-FF28-465E-BBC0-D696DF19BC2D}.Debug|Any CPU.Build.0 = Debug|Any CPU
		{EDFAFE70-FF28-465E-BBC0-D696DF19BC2D}.Release|Any CPU.ActiveCfg = Release|Any CPU
		{EDFAFE70-FF28-465E-BBC0-D696DF19BC2D}.Release|Any CPU.Build.0 = Release|Any CPU
		{25056C6C-D0EB-4154-AF96-415D810088B6}.Debug|Any CPU.ActiveCfg = Debug|Any CPU
		{25056C6C-D0EB-4154-AF96-415D810088B6}.Debug|Any CPU.Build.0 = Debug|Any CPU
		{25056C6C-D0EB-4154-AF96-415D810088B6}.Release|Any CPU.ActiveCfg = Release|Any CPU
		{25056C6C-D0EB-4154-AF96-415D810088B6}.Release|Any CPU.Build.0 = Release|Any CPU
		{1445892C-A2F6-4720-A93A-97420D230AD7}.Debug|Any CPU.ActiveCfg = Debug|Any CPU
		{1445892C-A2F6-4720-A93A-97420D230AD7}.Debug|Any CPU.Build.0 = Debug|Any CPU
		{1445892C-A2F6-4720-A93A-97420D230AD7}.Release|Any CPU.ActiveCfg = Release|Any CPU
		{1445892C-A2F6-4720-A93A-97420D230AD7}.Release|Any CPU.Build.0 = Release|Any CPU
		{AD61388F-5477-432B-AC36-E3DC18931AFF}.Debug|Any CPU.ActiveCfg = Debug|Any CPU
		{AD61388F-5477-432B-AC36-E3DC18931AFF}.Debug|Any CPU.Build.0 = Debug|Any CPU
		{AD61388F-5477-432B-AC36-E3DC18931AFF}.Debug|Any CPU.Deploy.0 = Debug|Any CPU
		{AD61388F-5477-432B-AC36-E3DC18931AFF}.Release|Any CPU.ActiveCfg = Release|Any CPU
		{AD61388F-5477-432B-AC36-E3DC18931AFF}.Release|Any CPU.Build.0 = Release|Any CPU
		{AD61388F-5477-432B-AC36-E3DC18931AFF}.Release|Any CPU.Deploy.0 = Release|Any CPU
	EndGlobalSection
	GlobalSection(SolutionProperties) = preSolution
		HideSolutionNode = FALSE
	EndGlobalSection
	GlobalSection(ExtensibilityGlobals) = postSolution
		SolutionGuid = {FAAC34E0-9180-4E0C-9087-81DBC43318B3}
	EndGlobalSection
	GlobalSection(SharedMSBuildProjectFiles) = preSolution
		..\Dwarf.Toolkit.SourceGenerators.Base\Dwarf.Toolkit.SourceGenerators.Base.projitems*{25056c6c-d0eb-4154-af96-415d810088b6}*SharedItemsImports = 5
		..\Dwarf.Toolkit.SourceGenerators.Base\Dwarf.Toolkit.SourceGenerators.Base.projitems*{a4aca2e4-8b21-44d2-ae40-702aa273d9d2}*SharedItemsImports = 13
	EndGlobalSection
EndGlobal
